{
	"name": "handicapp",
	"lockfileVersion": 3,
	"requires": true,
	"packages": {
		"": {
			"dependencies": {
				"jose": "^6.1.0"
			}
		},
		"node_modules/.pnpm/jose@6.1.0/node_modules/jose": {
			"version": "6.1.0",
			"license": "MIT",
			"funding": {
				"url": "https://github.com/sponsors/panva"
			}
		},
		"node_modules/jose": {
			"resolved": "node_modules/.pnpm/jose@6.1.0/node_modules/jose",
			"link": true
		}
	}
}
